Microsoft Visual Studio Solution File, Format Version 12.00
# Visual Studio Version 17
VisualStudioVersion = 17.5.2.0
MinimumVisualStudioVersion = 10.0.40219.1
Project("{FAE04EC0-301F-11D3-BF4B-00C04F79EFBC}") = "pob-copilot-extension", "pob-copilot-extension.csproj", "{CA3005D3-FAD7-DAA0-C1F5-313E6C7F139A}"
EndProject
Global
	GlobalSection(SolutionConfigurationPlatforms) = preSolution
		Debug|Any CPU = Debug|Any CPU
		Release|Any CPU = Release|Any CPU
	EndGlobalSection
	GlobalSection(ProjectConfigurationPlatforms) = postSolution
		{CA3005D3-FAD7-DAA0-C1F5-313E6C7F139A}.Debug|Any CPU.ActiveCfg = Debug|Any CPU
		{CA3005D3-FAD7-DAA0-C1F5-313E6C7F139A}.Debug|Any CPU.Build.0 = Debug|Any CPU
		{CA3005D3-FAD7-DAA0-C1F5-313E6C7F139A}.Release|Any CPU.ActiveCfg = Release|Any CPU
		{CA3005D3-FAD7-DAA0-C1F5-313E6C7F139A}.Release|Any CPU.Build.0 = Release|Any CPU
	EndGlobalSection
	GlobalSection(SolutionProperties) = preSolution
		HideSolutionNode = FALSE
	EndGlobalSection
	GlobalSection(ExtensibilityGlobals) = postSolution
		SolutionGuid = {508F2C32-C77D-41C5-AA4B-4C43FD0918DF}
	EndGlobalSection
EndGlobal
